
Microsoft Visual Studio Solution File, Format Version 12.00
# Visual Studio Version 17
VisualStudioVersion = 17.8.34511.84
MinimumVisualStudioVersion = 10.0.40219.1
Project("{FAE04EC0-301F-11D3-BF4B-00C04F79EFBC}") = "EndProj - Books", "EndProj - Books.csproj", "{36C2DBD3-0FF5-42D4-A54D-73546B35138F}"
EndProject
Global
	GlobalSection(SolutionConfigurationPlatforms) = preSolution
		Debug|Any CPU = Debug|Any CPU
		Release|Any CPU = Release|Any CPU
	EndGlobalSection
	GlobalSection(ProjectConfigurationPlatforms) = postSolution
		{36C2DBD3-0FF5-42D4-A54D-73546B35138F}.Debug|Any CPU.ActiveCfg = Debug|Any CPU
		{36C2DBD3-0FF5-42D4-A54D-73546B35138F}.Debug|Any CPU.Build.0 = Debug|Any CPU
		{36C2DBD3-0FF5-42D4-A54D-73546B35138F}.Release|Any CPU.ActiveCfg = Release|Any CPU
		{36C2DBD3-0FF5-42D4-A54D-73546B35138F}.Release|Any CPU.Build.0 = Release|Any CPU
	EndGlobalSection
	GlobalSection(SolutionProperties) = preSolution
		HideSolutionNode = FALSE
	EndGlobalSection
	GlobalSection(ExtensibilityGlobals) = postSolution
		SolutionGuid = {81179860-DA08-4A5B-832A-519593E01B36}
	EndGlobalSection
EndGlobal
